{
  "nodes": {
    "arto": {
      "inputs": {
        "crane": "crane",
        "nixpkgs": [
          "nixpkgs"
        ]
      },
      "locked": {
        "lastModified": 1771091932,
        "narHash": "sha256-a/UqkmCp8Xsz3c/MbyS4U/Zjz4VZC+LgH6PIv+BnqMk=",
        "owner": "arto-app",
        "repo": "Arto",
        "rev": "6f2ac2ee8f8856da3a4e8f7f0422ff76a7f5feab",
        "type": "github"
      },
      "original": {
        "owner": "arto-app",
        "repo": "Arto",
        "type": "github"
      }
    },
    "claude-code-overlay": {
      "inputs": {
        "nixpkgs": [
          "nixpkgs"
        ]
      },
      "locked": {
        "lastModified": 1771013171,
        "narHash": "sha256-2gV0u8wwIVPQfR4PGZKxR+pZAb/Q31WFMqVUZzMq3NA=",
        "owner": "ryoppippi",
        "repo": "claude-code-overlay",
        "rev": "69824434aa2b7e6bacd77a99e74ad0e5b7f9f7ed",
        "type": "github"
      },
      "original": {
        "owner": "ryoppippi",
        "repo": "claude-code-overlay",
        "type": "github"
      }
    },
    "crane": {
      "locked": {
        "lastModified": 1770419512,
        "narHash": "sha256-o8Vcdz6B6bkiGUYkZqFwH3Pv1JwZyXht3dMtS7RchIo=",
        "owner": "ipetkov",
        "repo": "crane",
        "rev": "2510f2cbc3ccd237f700bb213756a8f35c32d8d7",
        "type": "github"
      },
      "original": {
        "owner": "ipetkov",
        "repo": "crane",
        "type": "github"
      }
    },
    "flake-compat": {
      "flake": false,
      "locked": {
        "lastModified": 1767039857,
        "narHash": "sha256-vNpUSpF5Nuw8xvDLj2KCwwksIbjua2LZCqhV1LNRDns=",
        "owner": "NixOS",
        "repo": "flake-compat",
        "rev": "5edf11c44bc78a0d334f6334cdaf7d60d732daab",
        "type": "github"
      },
      "original": {
        "owner": "NixOS",
        "repo": "flake-compat",
        "type": "github"
      }
    },
    "flake-parts": {
      "inputs": {
        "nixpkgs-lib": [
          "nixpkgs"
        ]
      },
      "locked": {
        "lastModified": 1769996383,
        "narHash": "sha256-AnYjnFWgS49RlqX7LrC4uA+sCCDBj0Ry/WOJ5XWAsa0=",
        "owner": "hercules-ci",
        "repo": "flake-parts",
        "rev": "57928607ea566b5db3ad13af0e57e921e6b12381",
        "type": "github"
      },
      "original": {
        "owner": "hercules-ci",
        "repo": "flake-parts",
        "type": "github"
      }
    },
    "git-hooks-nix": {
      "inputs": {
        "flake-compat": "flake-compat",
        "gitignore": "gitignore",
        "nixpkgs": [
          "nixpkgs"
        ]
      },
      "locked": {
        "lastModified": 1770726378,
        "narHash": "sha256-kck+vIbGOaM/dHea7aTBxdFYpeUl/jHOy5W3eyRvVx8=",
        "owner": "cachix",
        "repo": "git-hooks.nix",
        "rev": "5eaaedde414f6eb1aea8b8525c466dc37bba95ae",
        "type": "github"
      },
      "original": {
        "owner": "cachix",
        "repo": "git-hooks.nix",
        "type": "github"
      }
    },
    "gitignore": {
      "inputs": {
        "nixpkgs": [
          "git-hooks-nix",
          "nixpkgs"
        ]
      },
      "locked": {
        "lastModified": 1709087332,
        "narHash": "sha256-HG2cCnktfHsKV0s4XW83gU3F57gaTljL9KNSuG6bnQs=",
        "owner": "hercules-ci",
        "repo": "gitignore.nix",
        "rev": "637db329424fd7e46cf4185293b9cc8c88c95394",
        "type": "github"
      },
      "original": {
        "owner": "hercules-ci",
        "repo": "gitignore.nix",
        "type": "github"
      }
    },
    "home-manager": {
      "inputs": {
        "nixpkgs": [
          "nixpkgs"
        ]
      },
      "locked": {
        "lastModified": 1771188132,
        "narHash": "sha256-qLXxN/tPrZtnekaLBQuVtxQfvqqs5cT5WbyH4zZaTGI=",
        "owner": "nix-community",
        "repo": "home-manager",
        "rev": "ae8003d8b61d0d373e7ca3da1a48f9c870d15df9",
        "type": "github"
      },
      "original": {
        "owner": "nix-community",
        "repo": "home-manager",
        "type": "github"
      }
    },
    "mcp-servers-nix": {
      "inputs": {
        "nixpkgs": [
          "nixpkgs"
        ]
      },
      "locked": {
        "lastModified": 1771204641,
        "narHash": "sha256-XYuZDrzKbwJFo1ijipNQ29MpikJsK8jF7PGX/XZascI=",
        "owner": "natsukium",
        "repo": "mcp-servers-nix",
        "rev": "1d3d2894997f89dee54cbd94f1c25884590c3f7f",
        "type": "github"
      },
      "original": {
        "owner": "natsukium",
        "repo": "mcp-servers-nix",
        "type": "github"
      }
    },
    "nix-darwin": {
      "inputs": {
        "nixpkgs": [
          "nixpkgs"
        ]
      },
      "locked": {
        "lastModified": 1770922915,
        "narHash": "sha256-6J/JoK9iL7sHvKJcGW2KId2agaKv1OGypsa7kN+ZBD4=",
        "owner": "LnL7",
        "repo": "nix-darwin",
        "rev": "6c5a56295d2a24e43bcd8af838def1b9a95746b2",
        "type": "github"
      },
      "original": {
        "owner": "LnL7",
        "repo": "nix-darwin",
        "type": "github"
      }
    },
    "nix-index-database": {
      "inputs": {
        "nixpkgs": [
          "nixpkgs"
        ]
      },
      "locked": {
        "lastModified": 1771130777,
        "narHash": "sha256-UIKOwG0D9XVIJfNWg6+gENAvQP+7LO46eO0Jpe+ItJ0=",
        "owner": "nix-community",
        "repo": "nix-index-database",
        "rev": "efec7aaad8d43f8e5194df46a007456093c40f88",
        "type": "github"
      },
      "original": {
        "owner": "nix-community",
        "repo": "nix-index-database",
        "type": "github"
      }
    },
    "nixpkgs": {
      "locked": {
        "lastModified": 1771147098,
        "narHash": "sha256-jpfPdBjKO232s5NueoNEvvVzpndiUzPLNYcH4/Ov0gY=",
        "owner": "NixOS",
        "repo": "nixpkgs",
        "rev": "e3cb16bccd9facebae3ba29c6a76a4cc1b73462a",
        "type": "github"
      },
      "original": {
        "owner": "NixOS",
        "ref": "nixpkgs-unstable",
        "repo": "nixpkgs",
        "type": "github"
      }
    },
    "nixpkgs-1password": {
      "locked": {
        "lastModified": 1769961609,
        "narHash": "sha256-2qR+UibTeAfsy5hSYH/JDZ/tGHYuewZwReS6ick4390=",
        "owner": "NixOS",
        "repo": "nixpkgs",
        "rev": "043a781b82dff90b74f68cd5376d89cc29a5f6b5",
        "type": "github"
      },
      "original": {
        "owner": "NixOS",
        "repo": "nixpkgs",
        "rev": "043a781b82dff90b74f68cd5376d89cc29a5f6b5",
        "type": "github"
      }
    },
    "nixpkgs-dotenvx": {
      "locked": {
        "lastModified": 1766119346,
        "narHash": "sha256-MhfCfNmdQ2B/JAzKaQbd3qddEfMTpoyArhtOJQ3nbUs=",
        "owner": "NixOS",
        "repo": "nixpkgs",
        "rev": "8198298755cad59b220641b8a76e372e27dc6471",
        "type": "github"
      },
      "original": {
        "owner": "NixOS",
        "repo": "nixpkgs",
        "rev": "8198298755cad59b220641b8a76e372e27dc6471",
        "type": "github"
      }
    },
    "nixpkgs-git-wt": {
      "locked": {
        "lastModified": 1768946963,
        "narHash": "sha256-lPyWKaRKtkYmfjRDmPgCvfEwKpOBMqtqcZnSOWPGdhg=",
        "owner": "NixOS",
        "repo": "nixpkgs",
        "rev": "17a5fcf927843a8b80fa42f18f862a43ca9d1a7f",
        "type": "github"
      },
      "original": {
        "owner": "NixOS",
        "repo": "nixpkgs",
        "rev": "17a5fcf927843a8b80fa42f18f862a43ca9d1a7f",
        "type": "github"
      }
    },
    "root": {
      "inputs": {
        "arto": "arto",
        "claude-code-overlay": "claude-code-overlay",
        "flake-parts": "flake-parts",
        "git-hooks-nix": "git-hooks-nix",
        "home-manager": "home-manager",
        "mcp-servers-nix": "mcp-servers-nix",
        "nix-darwin": "nix-darwin",
        "nix-index-database": "nix-index-database",
        "nixpkgs": "nixpkgs",
        "nixpkgs-1password": "nixpkgs-1password",
        "nixpkgs-dotenvx": "nixpkgs-dotenvx",
        "nixpkgs-git-wt": "nixpkgs-git-wt",
        "sops-nix": "sops-nix",
        "treefmt-nix": "treefmt-nix"
      }
    },
    "sops-nix": {
      "inputs": {
        "nixpkgs": [
          "nixpkgs"
        ]
      },
      "locked": {
        "lastModified": 1771166946,
        "narHash": "sha256-UFc4lfGBr+wJmwgDGJDn1cVD6DTr0/8TdronNUiyXlU=",
        "owner": "Mic92",
        "repo": "sops-nix",
        "rev": "2d0cf89b4404529778bc82de7e42b5754e0fe4fa",
        "type": "github"
      },
      "original": {
        "owner": "Mic92",
        "repo": "sops-nix",
        "type": "github"
      }
    },
    "treefmt-nix": {
      "inputs": {
        "nixpkgs": [
          "nixpkgs"
        ]
      },
      "locked": {
        "lastModified": 1770228511,
        "narHash": "sha256-wQ6NJSuFqAEmIg2VMnLdCnUc0b7vslUohqqGGD+Fyxk=",
        "owner": "numtide",
        "repo": "treefmt-nix",
        "rev": "337a4fe074be1042a35086f15481d763b8ddc0e7",
        "type": "github"
      },
      "original": {
        "owner": "numtide",
        "repo": "treefmt-nix",
        "type": "github"
      }
    }
  },
  "root": "root",
  "version": 7
}
